Microsoft Visual Studio Solution File, Format Version 12.00
# Visual Studio Version 17
VisualStudioVersion = 17.5.2.0
MinimumVisualStudioVersion = 10.0.40219.1
Project("{FAE04EC0-301F-11D3-BF4B-00C04F79EFBC}") = "KolPages", "KolPages.csproj", "{07BF4FE3-1F96-8966-DA31-8F8B2A33A856}"
EndProject
Global
	GlobalSection(SolutionConfigurationPlatforms) = preSolution
		Debug|Any CPU = Debug|Any CPU
		Release|Any CPU = Release|Any CPU
	EndGlobalSection
	GlobalSection(ProjectConfigurationPlatforms) = postSolution
		{07BF4FE3-1F96-8966-DA31-8F8B2A33A856}.Debug|Any CPU.ActiveCfg = Debug|Any CPU
		{07BF4FE3-1F96-8966-DA31-8F8B2A33A856}.Debug|Any CPU.Build.0 = Debug|Any CPU
		{07BF4FE3-1F96-8966-DA31-8F8B2A33A856}.Release|Any CPU.ActiveCfg = Release|Any CPU
		{07BF4FE3-1F96-8966-DA31-8F8B2A33A856}.Release|Any CPU.Build.0 = Release|Any CPU
	EndGlobalSection
	GlobalSection(SolutionProperties) = preSolution
		HideSolutionNode = FALSE
	EndGlobalSection
	GlobalSection(ExtensibilityGlobals) = postSolution
		SolutionGuid = {5248DFD0-F7D4-4E36-A76B-7A2E7F8C94F7}
	EndGlobalSection
EndGlobal
